
Microsoft Visual Studio Solution File, Format Version 12.00
# Visual Studio Version 16
VisualStudioVersion = 16.0.33214.272
MinimumVisualStudioVersion = 10.0.40219.1
Project("{FAE04EC0-301F-11D3-BF4B-00C04F79EFBC}") = "Shopping-Cart-API", "Shopping-Cart-API\Shopping-Cart-API.csproj", "{C60A1B04-0C18-4626-85FA-CF5750B5451E}"
EndProject
Global
	GlobalSection(SolutionConfigurationPlatforms) = preSolution
		Debug|Any CPU = Debug|Any CPU
		Release|Any CPU = Release|Any CPU
	EndGlobalSection
	GlobalSection(ProjectConfigurationPlatforms) = postSolution
		{C60A1B04-0C18-4626-85FA-CF5750B5451E}.Debug|Any CPU.ActiveCfg = Debug|Any CPU
		{C60A1B04-0C18-4626-85FA-CF5750B5451E}.Debug|Any CPU.Build.0 = Debug|Any CPU
		{C60A1B04-0C18-4626-85FA-CF5750B5451E}.Release|Any CPU.ActiveCfg = Release|Any CPU
		{C60A1B04-0C18-4626-85FA-CF5750B5451E}.Release|Any CPU.Build.0 = Release|Any CPU
	EndGlobalSection
	GlobalSection(SolutionProperties) = preSolution
		HideSolutionNode = FALSE
	EndGlobalSection
	GlobalSection(ExtensibilityGlobals) = postSolution
		SolutionGuid = {C804A620-00C4-4FB5-A938-3734642CDC22}
	EndGlobalSection
EndGlobal
